
Microsoft Visual Studio Solution File, Format Version 12.00
# Visual Studio Version 17
VisualStudioVersion = 17.1.32328.378
MinimumVisualStudioVersion = 10.0.40219.1
Project("{FAE04EC0-301F-11D3-BF4B-00C04F79EFBC}") = "DuckHunt", "DuckHunt.csproj", "{96D3E7CE-2604-45F9-99EF-6CB66AB033CC}"
EndProject
Project("{2150E333-8FDC-42A3-9474-1A3956D46DE8}") = "Solution Items", "Solution Items", "{B3654F4F-DF28-4809-B295-E5FEF44F8322}"
	ProjectSection(SolutionItems) = preProject
		.editorconfig = .editorconfig
	EndProjectSection
EndProject
Global
	GlobalSection(SolutionConfigurationPlatforms) = preSolution
		Debug|Any CPU = Debug|Any CPU
		Release|Any CPU = Release|Any CPU
	EndGlobalSection
	GlobalSection(ProjectConfigurationPlatforms) = postSolution
		{96D3E7CE-2604-45F9-99EF-6CB66AB033CC}.Debug|Any CPU.ActiveCfg = Debug|Any CPU
		{96D3E7CE-2604-45F9-99EF-6CB66AB033CC}.Debug|Any CPU.Build.0 = Debug|Any CPU
		{96D3E7CE-2604-45F9-99EF-6CB66AB033CC}.Release|Any CPU.ActiveCfg = Release|Any CPU
		{96D3E7CE-2604-45F9-99EF-6CB66AB033CC}.Release|Any CPU.Build.0 = Release|Any CPU
	EndGlobalSection
	GlobalSection(SolutionProperties) = preSolution
		HideSolutionNode = FALSE
	EndGlobalSection
	GlobalSection(ExtensibilityGlobals) = postSolution
		SolutionGuid = {02A96F97-4BBE-4A51-A349-AC0D4E36887B}
	EndGlobalSection
EndGlobal
